
Microsoft Visual Studio Solution File, Format Version 12.00
# Visual Studio 15
VisualStudioVersion = 15.0.26430.16
MinimumVisualStudioVersion = 10.0.40219.1
Project("{9A19103F-16F7-4668-BE54-9A1E7A4F7556}") = "thZero.NetCore.Library.Localization", "thZero.NetCore.Library.Localization.csproj", "{E3B2B911-EFB1-4562-94DE-D1D3C961B034}"
EndProject
Project("{9A19103F-16F7-4668-BE54-9A1E7A4F7556}") = "thZero.NetCore.Library", "..\thZero.NetCore.Library\thZero.NetCore.Library.csproj", "{3B931B1F-F7D2-4097-8E5A-7AB312DB9FC0}"
EndProject
Global
	GlobalSection(SolutionConfigurationPlatforms) = preSolution
		Debug|Any CPU = Debug|Any CPU
		Release|Any CPU = Release|Any CPU
	EndGlobalSection
	GlobalSection(ProjectConfigurationPlatforms) = postSolution
		{E3B2B911-EFB1-4562-94DE-D1D3C961B034}.Debug|Any CPU.ActiveCfg = Debug|Any CPU
		{E3B2B911-EFB1-4562-94DE-D1D3C961B034}.Debug|Any CPU.Build.0 = Debug|Any CPU
		{E3B2B911-EFB1-4562-94DE-D1D3C961B034}.Release|Any CPU.ActiveCfg = Release|Any CPU
		{E3B2B911-EFB1-4562-94DE-D1D3C961B034}.Release|Any CPU.Build.0 = Release|Any CPU
		{3B931B1F-F7D2-4097-8E5A-7AB312DB9FC0}.Debug|Any CPU.ActiveCfg = Debug|Any CPU
		{3B931B1F-F7D2-4097-8E5A-7AB312DB9FC0}.Debug|Any CPU.Build.0 = Debug|Any CPU
		{3B931B1F-F7D2-4097-8E5A-7AB312DB9FC0}.Release|Any CPU.ActiveCfg = Release|Any CPU
		{3B931B1F-F7D2-4097-8E5A-7AB312DB9FC0}.Release|Any CPU.Build.0 = Release|Any CPU
	EndGlobalSection
	GlobalSection(SolutionProperties) = preSolution
		HideSolutionNode = FALSE
	EndGlobalSection
EndGlobal
